// !$*UTF8*$!
{
	archiveVersion = 1;
	classes = {
	};
	objectVersion = 50;
	objects = {

/* Begin PBXBuildFile section */
		9D2D84EA248798BB002FB4C6 /* TelegramColorPicker.h in Headers */ = {isa = PBXBuildFile; fileRef = 9D2D84E8248798BB002FB4C6 /* TelegramColorPicker.h */; settings = {ATTRIBUTES = (Public, ); }; };
		9D2D850524879984002FB4C6 /* CAShapeLayer.swift in Sources */ = {isa = PBXBuildFile; fileRef = 9D2D850424879984002FB4C6 /* CAShapeLayer.swift */; };
		9D2D8507248799A7002FB4C6 /* UIColor.swift in Sources */ = {isa = PBXBuildFile; fileRef = 9D2D8506248799A7002FB4C6 /* UIColor.swift */; };
		9D2D8509248799CA002FB4C6 /* ColorPickerDelegate.swift in Sources */ = {isa = PBXBuildFile; fileRef = 9D2D8508248799CA002FB4C6 /* ColorPickerDelegate.swift */; };
		9D2D850B248799D4002FB4C6 /* BrightnessPickerDelegate.swift in Sources */ = {isa = PBXBuildFile; fileRef = 9D2D850A248799D4002FB4C6 /* BrightnessPickerDelegate.swift */; };
		9D2D850E24879A2B002FB4C6 /* TelegramColorPicker.swift in Sources */ = {isa = PBXBuildFile; fileRef = 9D2D850D24879A2B002FB4C6 /* TelegramColorPicker.swift */; };
		9D2D851024879A49002FB4C6 /* ColorPickerView.swift in Sources */ = {isa = PBXBuildFile; fileRef = 9D2D850F24879A49002FB4C6 /* ColorPickerView.swift */; };
		9D2D851224879A5F002FB4C6 /* BrightnessSliderView.swift in Sources */ = {isa = PBXBuildFile; fileRef = 9D2D851124879A5F002FB4C6 /* BrightnessSliderView.swift */; };
		9DCB2906248821950025C80A /* AppDelegate.swift in Sources */ = {isa = PBXBuildFile; fileRef = 9DCB2905248821950025C80A /* AppDelegate.swift */; };
		9DCB2908248821950025C80A /* SceneDelegate.swift in Sources */ = {isa = PBXBuildFile; fileRef = 9DCB2907248821950025C80A /* SceneDelegate.swift */; };
		9DCB290F248821970025C80A /* Assets.xcassets in Resources */ = {isa = PBXBuildFile; fileRef = 9DCB290E248821970025C80A /* Assets.xcassets */; };
		9DCB2912248821970025C80A /* LaunchScreen.storyboard in Resources */ = {isa = PBXBuildFile; fileRef = 9DCB2910248821970025C80A /* LaunchScreen.storyboard */; };
		9DCB291A248821AC0025C80A /* QRCodeViewController.swift in Sources */ = {isa = PBXBuildFile; fileRef = 9DCB2917248821AC0025C80A /* QRCodeViewController.swift */; };
		9DCB291B248821AC0025C80A /* QRCodeModel.swift in Sources */ = {isa = PBXBuildFile; fileRef = 9DCB2918248821AC0025C80A /* QRCodeModel.swift */; };
		9DCB291C248821AC0025C80A /* QRCodeBuilder.swift in Sources */ = {isa = PBXBuildFile; fileRef = 9DCB2919248821AC0025C80A /* QRCodeBuilder.swift */; };
		9DCB291F248821DA0025C80A /* Main.storyboard in Resources */ = {isa = PBXBuildFile; fileRef = 9DCB291D248821DA0025C80A /* Main.storyboard */; };
		9DCB29212488222A0025C80A /* TelegramColorPicker.framework in Frameworks */ = {isa = PBXBuildFile; fileRef = 9D2D84E5248798BB002FB4C6 /* TelegramColorPicker.framework */; };
		9DCB29222488222A0025C80A /* TelegramColorPicker.framework in Embed Frameworks */ = {isa = PBXBuildFile; fileRef = 9D2D84E5248798BB002FB4C6 /* TelegramColorPicker.framework */; settings = {ATTRIBUTES = (CodeSignOnCopy, RemoveHeadersOnCopy, ); }; };
		C2A98D5824E00138006F09CE /* Constants.swift in Sources */ = {isa = PBXBuildFile; fileRef = C2A98D5724E00138006F09CE /* Constants.swift */; };
		C2EFE44E24E019F9008607EA /* Tests.swift in Sources */ = {isa = PBXBuildFile; fileRef = C2EFE44D24E019F9008607EA /* Tests.swift */; };
		C2EFE45024E019F9008607EA /* TelegramColorPicker.framework in Frameworks */ = {isa = PBXBuildFile; fileRef = 9D2D84E5248798BB002FB4C6 /* TelegramColorPicker.framework */; };
/* End PBXBuildFile section */

/* Begin PBXContainerItemProxy section */
		9DCB29232488222A0025C80A /* PBXContainerItemProxy */ = {
			isa = PBXContainerItemProxy;
			containerPortal = 9D2D84DC248798BB002FB4C6 /* Project object */;
			proxyType = 1;
			remoteGlobalIDString = 9D2D84E4248798BB002FB4C6;
			remoteInfo = TelegramColorPicker;
		};
		C26D32B524E01A2400651FAC /* PBXContainerItemProxy */ = {
			isa = PBXContainerItemProxy;
			containerPortal = 9D2D84DC248798BB002FB4C6 /* Project object */;
			proxyType = 1;
			remoteGlobalIDString = 9DCB2902248821950025C80A;
			remoteInfo = Example;
		};
		C2EFE45124E019F9008607EA /* PBXContainerItemProxy */ = {
			isa = PBXContainerItemProxy;
			containerPortal = 9D2D84DC248798BB002FB4C6 /* Project object */;
			proxyType = 1;
			remoteGlobalIDString = 9D2D84E4248798BB002FB4C6;
			remoteInfo = TelegramColorPicker;
		};
/* End PBXContainerItemProxy section */

/* Begin PBXCopyFilesBuildPhase section */
		9DCB29252488222A0025C80A /* Embed Frameworks */ = {
			isa = PBXCopyFilesBuildPhase;
			buildActionMask = 2147483647;
			dstPath = "";
			dstSubfolderSpec = 10;
			files = (
				9DCB29222488222A0025C80A /* TelegramColorPicker.framework in Embed Frameworks */,
			);
			name = "Embed Frameworks";
			runOnlyForDeploymentPostprocessing = 0;
		};
/* End PBXCopyFilesBuildPhase section */

/* Begin PBXFileReference section */
		9D018E0024AB8487000F52A2 /* README.md */ = {isa = PBXFileReference; lastKnownFileType = net.daringfireball.markdown; path = README.md; sourceTree = "<group>"; };
		9D018E0124AB8487000F52A2 /* LICENSE */ = {isa = PBXFileReference; lastKnownFileType = text; path = LICENSE; sourceTree = "<group>"; };
		9D2D84E5248798BB002FB4C6 /* TelegramColorPicker.framework */ = {isa = PBXFileReference; explicitFileType = wrapper.framework; includeInIndex = 0; path = TelegramColorPicker.framework; sourceTree = BUILT_PRODUCTS_DIR; };
		9D2D84E8248798BB002FB4C6 /* TelegramColorPicker.h */ = {isa = PBXFileReference; lastKnownFileType = sourcecode.c.h; path = TelegramColorPicker.h; sourceTree = "<group>"; };
		9D2D84E9248798BB002FB4C6 /* Info.plist */ = {isa = PBXFileReference; lastKnownFileType = text.plist.xml; path = Info.plist; sourceTree = "<group>"; };
		9D2D850424879984002FB4C6 /* CAShapeLayer.swift */ = {isa = PBXFileReference; lastKnownFileType = sourcecode.swift; path = CAShapeLayer.swift; sourceTree = "<group>"; };
		9D2D8506248799A7002FB4C6 /* UIColor.swift */ = {isa = PBXFileReference; lastKnownFileType = sourcecode.swift; path = UIColor.swift; sourceTree = "<group>"; };
		9D2D8508248799CA002FB4C6 /* ColorPickerDelegate.swift */ = {isa = PBXFileReference; lastKnownFileType = sourcecode.swift; path = ColorPickerDelegate.swift; sourceTree = "<group>"; };
		9D2D850A248799D4002FB4C6 /* BrightnessPickerDelegate.swift */ = {isa = PBXFileReference; lastKnownFileType = sourcecode.swift; path = BrightnessPickerDelegate.swift; sourceTree = "<group>"; };
		9D2D850D24879A2B002FB4C6 /* TelegramColorPicker.swift */ = {isa = PBXFileReference; lastKnownFileType = sourcecode.swift; path = TelegramColorPicker.swift; sourceTree = "<group>"; };
		9D2D850F24879A49002FB4C6 /* ColorPickerView.swift */ = {isa = PBXFileReference; lastKnownFileType = sourcecode.swift; path = ColorPickerView.swift; sourceTree = "<group>"; };
		9D2D851124879A5F002FB4C6 /* BrightnessSliderView.swift */ = {isa = PBXFileReference; lastKnownFileType = sourcecode.swift; path = BrightnessSliderView.swift; sourceTree = "<group>"; };
		9DCB2903248821950025C80A /* Example.app */ = {isa = PBXFileReference; explicitFileType = wrapper.application; includeInIndex = 0; path = Example.app; sourceTree = BUILT_PRODUCTS_DIR; };
		9DCB2905248821950025C80A /* AppDelegate.swift */ = {isa = PBXFileReference; lastKnownFileType = sourcecode.swift; path = AppDelegate.swift; sourceTree = "<group>"; };
		9DCB2907248821950025C80A /* SceneDelegate.swift */ = {isa = PBXFileReference; lastKnownFileType = sourcecode.swift; path = SceneDelegate.swift; sourceTree = "<group>"; };
		9DCB290E248821970025C80A /* Assets.xcassets */ = {isa = PBXFileReference; lastKnownFileType = folder.assetcatalog; path = Assets.xcassets; sourceTree = "<group>"; };
		9DCB2911248821970025C80A /* Base */ = {isa = PBXFileReference; lastKnownFileType = file.storyboard; name = Base; path = Base.lproj/LaunchScreen.storyboard; sourceTree = "<group>"; };
		9DCB2913248821970025C80A /* Info.plist */ = {isa = PBXFileReference; lastKnownFileType = text.plist.xml; path = Info.plist; sourceTree = "<group>"; };
		9DCB2917248821AC0025C80A /* QRCodeViewController.swift */ = {isa = PBXFileReference; fileEncoding = 4; lastKnownFileType = sourcecode.swift; path = QRCodeViewController.swift; sourceTree = "<group>"; };
		9DCB2918248821AC0025C80A /* QRCodeModel.swift */ = {isa = PBXFileReference; fileEncoding = 4; lastKnownFileType = sourcecode.swift; path = QRCodeModel.swift; sourceTree = "<group>"; };
		9DCB2919248821AC0025C80A /* QRCodeBuilder.swift */ = {isa = PBXFileReference; fileEncoding = 4; lastKnownFileType = sourcecode.swift; path = QRCodeBuilder.swift; sourceTree = "<group>"; };
		9DCB291E248821DA0025C80A /* Base */ = {isa = PBXFileReference; lastKnownFileType = file.storyboard; name = Base; path = Base.lproj/Main.storyboard; sourceTree = "<group>"; };
		9DE6D28A249DC7280014785E /* Example.entitlements */ = {isa = PBXFileReference; lastKnownFileType = text.plist.entitlements; path = Example.entitlements; sourceTree = "<group>"; };
		C2A98D5724E00138006F09CE /* Constants.swift */ = {isa = PBXFileReference; fileEncoding = 4; lastKnownFileType = sourcecode.swift; path = Constants.swift; sourceTree = "<group>"; };
		C2EFE44B24E019F9008607EA /* Tests.xctest */ = {isa = PBXFileReference; explicitFileType = wrapper.cfbundle; includeInIndex = 0; path = Tests.xctest; sourceTree = BUILT_PRODUCTS_DIR; };
		C2EFE44D24E019F9008607EA /* Tests.swift */ = {isa = PBXFileReference; lastKnownFileType = sourcecode.swift; path = Tests.swift; sourceTree = "<group>"; };
		C2EFE44F24E019F9008607EA /* Info.plist */ = {isa = PBXFileReference; lastKnownFileType = text.plist.xml; path = Info.plist; sourceTree = "<group>"; };
/* End PBXFileReference section */

/* Begin PBXFrameworksBuildPhase section */
		9D2D84E2248798BB002FB4C6 /* Frameworks */ = {
			isa = PBXFrameworksBuildPhase;
			buildActionMask = 2147483647;
			files = (
			);
			runOnlyForDeploymentPostprocessing = 0;
		};
		9DCB2900248821950025C80A /* Frameworks */ = {
			isa = PBXFrameworksBuildPhase;
			buildActionMask = 2147483647;
			files = (
				9DCB29212488222A0025C80A /* TelegramColorPicker.framework in Frameworks */,
			);
			runOnlyForDeploymentPostprocessing = 0;
		};
		C2EFE44824E019F9008607EA /* Frameworks */ = {
			isa = PBXFrameworksBuildPhase;
			buildActionMask = 2147483647;
			files = (
				C2EFE45024E019F9008607EA /* TelegramColorPicker.framework in Frameworks */,
			);
			runOnlyForDeploymentPostprocessing = 0;
		};
/* End PBXFrameworksBuildPhase section */

/* Begin PBXGroup section */
		9D00A49E249C776C00024F3A /* QRCode */ = {
			isa = PBXGroup;
			children = (
				9DCB2919248821AC0025C80A /* QRCodeBuilder.swift */,
				9DCB2918248821AC0025C80A /* QRCodeModel.swift */,
			);
			path = QRCode;
			sourceTree = "<group>";
		};
		9D2D84DB248798BB002FB4C6 = {
			isa = PBXGroup;
			children = (
				9D018E0024AB8487000F52A2 /* README.md */,
				9D018E0124AB8487000F52A2 /* LICENSE */,
				9DCB2904248821950025C80A /* Example */,
				9D2D84E7248798BB002FB4C6 /* Sources */,
				C2EFE44C24E019F9008607EA /* Tests */,
				9D2D84E6248798BB002FB4C6 /* Products */,
				9DCB29202488222A0025C80A /* Frameworks */,
			);
			sourceTree = "<group>";
		};
		9D2D84E6248798BB002FB4C6 /* Products */ = {
			isa = PBXGroup;
			children = (
				9D2D84E5248798BB002FB4C6 /* TelegramColorPicker.framework */,
				9DCB2903248821950025C80A /* Example.app */,
				C2EFE44B24E019F9008607EA /* Tests.xctest */,
			);
			name = Products;
			sourceTree = "<group>";
		};
		9D2D84E7248798BB002FB4C6 /* Sources */ = {
			isa = PBXGroup;
			children = (
				9D2D850124879967002FB4C6 /* Extensions */,
				9D2D85022487996F002FB4C6 /* Protocols */,
				9D2D850324879975002FB4C6 /* Views */,
				C2A98D5724E00138006F09CE /* Constants.swift */,
				9D2D84E8248798BB002FB4C6 /* TelegramColorPicker.h */,
				9D2D84E9248798BB002FB4C6 /* Info.plist */,
			);
			path = Sources;
			sourceTree = "<group>";
		};
		9D2D850124879967002FB4C6 /* Extensions */ = {
			isa = PBXGroup;
			children = (
				9D2D8506248799A7002FB4C6 /* UIColor.swift */,
				9D2D850424879984002FB4C6 /* CAShapeLayer.swift */,
			);
			path = Extensions;
			sourceTree = "<group>";
		};
		9D2D85022487996F002FB4C6 /* Protocols */ = {
			isa = PBXGroup;
			children = (
				9D2D8508248799CA002FB4C6 /* ColorPickerDelegate.swift */,
				9D2D850A248799D4002FB4C6 /* BrightnessPickerDelegate.swift */,
			);
			path = Protocols;
			sourceTree = "<group>";
		};
		9D2D850324879975002FB4C6 /* Views */ = {
			isa = PBXGroup;
			children = (
				9D2D850D24879A2B002FB4C6 /* TelegramColorPicker.swift */,
				9D2D850F24879A49002FB4C6 /* ColorPickerView.swift */,
				9D2D851124879A5F002FB4C6 /* BrightnessSliderView.swift */,
			);
			path = Views;
			sourceTree = "<group>";
		};
		9DCB2904248821950025C80A /* Example */ = {
			isa = PBXGroup;
			children = (
				9DE6D28A249DC7280014785E /* Example.entitlements */,
				9D00A49E249C776C00024F3A /* QRCode */,
				9DCB2905248821950025C80A /* AppDelegate.swift */,
				9DCB2907248821950025C80A /* SceneDelegate.swift */,
				9DCB2917248821AC0025C80A /* QRCodeViewController.swift */,
				9DCB291D248821DA0025C80A /* Main.storyboard */,
				9DCB290E248821970025C80A /* Assets.xcassets */,
				9DCB2910248821970025C80A /* LaunchScreen.storyboard */,
				9DCB2913248821970025C80A /* Info.plist */,
			);
			path = Example;
			sourceTree = "<group>";
		};
		9DCB29202488222A0025C80A /* Frameworks */ = {
			isa = PBXGroup;
			children = (
			);
			name = Frameworks;
			sourceTree = "<group>";
		};
		C2EFE44C24E019F9008607EA /* Tests */ = {
			isa = PBXGroup;
			children = (
				C2EFE44D24E019F9008607EA /* Tests.swift */,
				C2EFE44F24E019F9008607EA /* Info.plist */,
			);
			path = Tests;
			sourceTree = "<group>";
		};
/* End PBXGroup section */

/* Begin PBXHeadersBuildPhase section */
		9D2D84E0248798BB002FB4C6 /* Headers */ = {
			isa = PBXHeadersBuildPhase;
			buildActionMask = 2147483647;
			files = (
				9D2D84EA248798BB002FB4C6 /* TelegramColorPicker.h in Headers */,
			);
			runOnlyForDeploymentPostprocessing = 0;
		};
/* End PBXHeadersBuildPhase section */

/* Begin PBXNativeTarget section */
		9D2D84E4248798BB002FB4C6 /* TelegramColorPicker */ = {
			isa = PBXNativeTarget;
			buildConfigurationList = 9D2D84ED248798BB002FB4C6 /* Build configuration list for PBXNativeTarget "TelegramColorPicker" */;
			buildPhases = (
				9D2D84E0248798BB002FB4C6 /* Headers */,
				9D2D84E1248798BB002FB4C6 /* Sources */,
				9D2D84E2248798BB002FB4C6 /* Frameworks */,
				9D2D84E3248798BB002FB4C6 /* Resources */,
			);
			buildRules = (
			);
			dependencies = (
			);
			name = TelegramColorPicker;
			productName = TelegramColorPicker;
			productReference = 9D2D84E5248798BB002FB4C6 /* TelegramColorPicker.framework */;
			productType = "com.apple.product-type.framework";
		};
		9DCB2902248821950025C80A /* Example */ = {
			isa = PBXNativeTarget;
			buildConfigurationList = 9DCB2916248821970025C80A /* Build configuration list for PBXNativeTarget "Example" */;
			buildPhases = (
				9DCB28FF248821950025C80A /* Sources */,
				9DCB2900248821950025C80A /* Frameworks */,
				9DCB2901248821950025C80A /* Resources */,
				9DCB29252488222A0025C80A /* Embed Frameworks */,
			);
			buildRules = (
			);
			dependencies = (
				9DCB29242488222A0025C80A /* PBXTargetDependency */,
			);
			name = Example;
			productName = Example;
			productReference = 9DCB2903248821950025C80A /* Example.app */;
			productType = "com.apple.product-type.application";
		};
		C2EFE44A24E019F9008607EA /* Tests */ = {
			isa = PBXNativeTarget;
			buildConfigurationList = C2EFE45324E019F9008607EA /* Build configuration list for PBXNativeTarget "Tests" */;
			buildPhases = (
				C2EFE44724E019F9008607EA /* Sources */,
				C2EFE44824E019F9008607EA /* Frameworks */,
				C2EFE44924E019F9008607EA /* Resources */,
			);
			buildRules = (
			);
			dependencies = (
				C2EFE45224E019F9008607EA /* PBXTargetDependency */,
				C26D32B624E01A2400651FAC /* PBXTargetDependency */,
			);
			name = Tests;
			productName = Tests;
			productReference = C2EFE44B24E019F9008607EA /* Tests.xctest */;
			productType = "com.apple.product-type.bundle.unit-test";
		};
/* End PBXNativeTarget section */

/* Begin PBXProject section */
		9D2D84DC248798BB002FB4C6 /* Project object */ = {
			isa = PBXProject;
			attributes = {
				LastSwiftUpdateCheck = 1200;
				LastUpgradeCheck = 1200;
				ORGANIZATIONNAME = "Kirill Pustovalov";
				TargetAttributes = {
					9D2D84E4248798BB002FB4C6 = {
						CreatedOnToolsVersion = 11.4;
						LastSwiftMigration = 1140;
					};
					9DCB2902248821950025C80A = {
						CreatedOnToolsVersion = 11.4;
					};
					C2EFE44A24E019F9008607EA = {
						CreatedOnToolsVersion = 12.0;
						TestTargetID = 9DCB2902248821950025C80A;
					};
				};
			};
			buildConfigurationList = 9D2D84DF248798BB002FB4C6 /* Build configuration list for PBXProject "TelegramColorPicker" */;
			compatibilityVersion = "Xcode 9.3";
			developmentRegion = en;
			hasScannedForEncodings = 0;
			knownRegions = (
				en,
				Base,
			);
			mainGroup = 9D2D84DB248798BB002FB4C6;
			productRefGroup = 9D2D84E6248798BB002FB4C6 /* Products */;
			projectDirPath = "";
			projectRoot = "";
			targets = (
				9D2D84E4248798BB002FB4C6 /* TelegramColorPicker */,
				9DCB2902248821950025C80A /* Example */,
				C2EFE44A24E019F9008607EA /* Tests */,
			);
		};
/* End PBXProject section */

/* Begin PBXResourcesBuildPhase section */
		9D2D84E3248798BB002FB4C6 /* Resources */ = {
			isa = PBXResourcesBuildPhase;
			buildActionMask = 2147483647;
			files = (
			);
			runOnlyForDeploymentPostprocessing = 0;
		};
		9DCB2901248821950025C80A /* Resources */ = {
			isa = PBXResourcesBuildPhase;
			buildActionMask = 2147483647;
			files = (
				9DCB291F248821DA0025C80A /* Main.storyboard in Resources */,
				9DCB2912248821970025C80A /* LaunchScreen.storyboard in Resources */,
				9DCB290F248821970025C80A /* Assets.xcassets in Resources */,
			);
			runOnlyForDeploymentPostprocessing = 0;
		};
		C2EFE44924E019F9008607EA /* Resources */ = {
			isa = PBXResourcesBuildPhase;
			buildActionMask = 2147483647;
			files = (
			);
			runOnlyForDeploymentPostprocessing = 0;
		};
/* End PBXResourcesBuildPhase section */

/* Begin PBXSourcesBuildPhase section */
		9D2D84E1248798BB002FB4C6 /* Sources */ = {
			isa = PBXSourcesBuildPhase;
			buildActionMask = 2147483647;
			files = (
				9D2D8509248799CA002FB4C6 /* ColorPickerDelegate.swift in Sources */,
				9D2D850524879984002FB4C6 /* CAShapeLayer.swift in Sources */,
				9D2D851024879A49002FB4C6 /* ColorPickerView.swift in Sources */,
				9D2D850E24879A2B002FB4C6 /* TelegramColorPicker.swift in Sources */,
				9D2D8507248799A7002FB4C6 /* UIColor.swift in Sources */,
				9D2D851224879A5F002FB4C6 /* BrightnessSliderView.swift in Sources */,
				9D2D850B248799D4002FB4C6 /* BrightnessPickerDelegate.swift in Sources */,
				C2A98D5824E00138006F09CE /* Constants.swift in Sources */,
			);
			runOnlyForDeploymentPostprocessing = 0;
		};
		9DCB28FF248821950025C80A /* Sources */ = {
			isa = PBXSourcesBuildPhase;
			buildActionMask = 2147483647;
			files = (
				9DCB2906248821950025C80A /* AppDelegate.swift in Sources */,
				9DCB291B248821AC0025C80A /* QRCodeModel.swift in Sources */,
				9DCB291C248821AC0025C80A /* QRCodeBuilder.swift in Sources */,
				9DCB291A248821AC0025C80A /* QRCodeViewController.swift in Sources */,
				9DCB2908248821950025C80A /* SceneDelegate.swift in Sources */,
			);
			runOnlyForDeploymentPostprocessing = 0;
		};
		C2EFE44724E019F9008607EA /* Sources */ = {
			isa = PBXSourcesBuildPhase;
			buildActionMask = 2147483647;
			files = (
				C2EFE44E24E019F9008607EA /* Tests.swift in Sources */,
			);
			runOnlyForDeploymentPostprocessing = 0;
		};
/* End PBXSourcesBuildPhase section */

/* Begin PBXTargetDependency section */
		9DCB29242488222A0025C80A /* PBXTargetDependency */ = {
			isa = PBXTargetDependency;
			target = 9D2D84E4248798BB002FB4C6 /* TelegramColorPicker */;
			targetProxy = 9DCB29232488222A0025C80A /* PBXContainerItemProxy */;
		};
		C26D32B624E01A2400651FAC /* PBXTargetDependency */ = {
			isa = PBXTargetDependency;
			target = 9DCB2902248821950025C80A /* Example */;
			targetProxy = C26D32B524E01A2400651FAC /* PBXContainerItemProxy */;
		};
		C2EFE45224E019F9008607EA /* PBXTargetDependency */ = {
			isa = PBXTargetDependency;
			target = 9D2D84E4248798BB002FB4C6 /* TelegramColorPicker */;
			targetProxy = C2EFE45124E019F9008607EA /* PBXContainerItemProxy */;
		};
/* End PBXTargetDependency section */

/* Begin PBXVariantGroup section */
		9DCB2910248821970025C80A /* LaunchScreen.storyboard */ = {
			isa = PBXVariantGroup;
			children = (
				9DCB2911248821970025C80A /* Base */,
			);
			name = LaunchScreen.storyboard;
			sourceTree = "<group>";
		};
		9DCB291D248821DA0025C80A /* Main.storyboard */ = {
			isa = PBXVariantGroup;
			children = (
				9DCB291E248821DA0025C80A /* Base */,
			);
			name = Main.storyboard;
			sourceTree = "<group>";
		};
/* End PBXVariantGroup section */

/* Begin XCBuildConfiguration section */
		9D2D84EB248798BB002FB4C6 /* Debug */ = {
			isa = XCBuildConfiguration;
			buildSettings = {
				ALWAYS_SEARCH_USER_PATHS = NO;
				CLANG_ANALYZER_NONNULL = YES;
				CLANG_ANALYZER_NUMBER_OBJECT_CONVERSION = YES_AGGRESSIVE;
				CLANG_CXX_LANGUAGE_STANDARD = "gnu++14";
				CLANG_CXX_LIBRARY = "libc++";
				CLANG_ENABLE_MODULES = YES;
				CLANG_ENABLE_OBJC_ARC = YES;
				CLANG_ENABLE_OBJC_WEAK = YES;
				CLANG_WARN_BLOCK_CAPTURE_AUTORELEASING = YES;
				CLANG_WARN_BOOL_CONVERSION = YES;
				CLANG_WARN_COMMA = YES;
				CLANG_WARN_CONSTANT_CONVERSION = YES;
				CLANG_WARN_DEPRECATED_OBJC_IMPLEMENTATIONS = YES;
				CLANG_WARN_DIRECT_OBJC_ISA_USAGE = YES_ERROR;
				CLANG_WARN_DOCUMENTATION_COMMENTS = YES;
				CLANG_WARN_EMPTY_BODY = YES;
				CLANG_WARN_ENUM_CONVERSION = YES;
				CLANG_WARN_INFINITE_RECURSION = YES;
				CLANG_WARN_INT_CONVERSION = YES;
				CLANG_WARN_NON_LITERAL_NULL_CONVERSION = YES;
				CLANG_WARN_OBJC_IMPLICIT_RETAIN_SELF = YES;
				CLANG_WARN_OBJC_LITERAL_CONVERSION = YES;
				CLANG_WARN_OBJC_ROOT_CLASS = YES_ERROR;
				CLANG_WARN_QUOTED_INCLUDE_IN_FRAMEWORK_HEADER = YES;
				CLANG_WARN_RANGE_LOOP_ANALYSIS = YES;
				CLANG_WARN_STRICT_PROTOTYPES = YES;
				CLANG_WARN_SUSPICIOUS_MOVE = YES;
				CLANG_WARN_UNGUARDED_AVAILABILITY = YES_AGGRESSIVE;
				CLANG_WARN_UNREACHABLE_CODE = YES;
				CLANG_WARN__DUPLICATE_METHOD_MATCH = YES;
				COPY_PHASE_STRIP = NO;
				CURRENT_PROJECT_VERSION = 1;
				DEBUG_INFORMATION_FORMAT = dwarf;
				ENABLE_STRICT_OBJC_MSGSEND = YES;
				ENABLE_TESTABILITY = YES;
				GCC_C_LANGUAGE_STANDARD = gnu11;
				GCC_DYNAMIC_NO_PIC = NO;
				GCC_NO_COMMON_BLOCKS = YES;
				GCC_OPTIMIZATION_LEVEL = 0;
				GCC_PREPROCESSOR_DEFINITIONS = (
					"DEBUG=1",
					"$(inherited)",
				);
				GCC_WARN_64_TO_32_BIT_CONVERSION = YES;
				GCC_WARN_ABOUT_RETURN_TYPE = YES_ERROR;
				GCC_WARN_UNDECLARED_SELECTOR = YES;
				GCC_WARN_UNINITIALIZED_AUTOS = YES_AGGRESSIVE;
				GCC_WARN_UNUSED_FUNCTION = YES;
				GCC_WARN_UNUSED_VARIABLE = YES;
				IPHONEOS_DEPLOYMENT_TARGET = 13.4;
				MTL_ENABLE_DEBUG_INFO = INCLUDE_SOURCE;
				MTL_FAST_MATH = YES;
				ONLY_ACTIVE_ARCH = YES;
				SDKROOT = iphoneos;
				SWIFT_ACTIVE_COMPILATION_CONDITIONS = DEBUG;
				SWIFT_OPTIMIZATION_LEVEL = "-Onone";
				VERSIONING_SYSTEM = "apple-generic";
				VERSION_INFO_PREFIX = "";
			};
			name = Debug;
		};
		9D2D84EC248798BB002FB4C6 /* Release */ = {
			isa = XCBuildConfiguration;
			buildSettings = {
				ALWAYS_SEARCH_USER_PATHS = NO;
				CLANG_ANALYZER_NONNULL = YES;
				CLANG_ANALYZER_NUMBER_OBJECT_CONVERSION = YES_AGGRESSIVE;
				CLANG_CXX_LANGUAGE_STANDARD = "gnu++14";
				CLANG_CXX_LIBRARY = "libc++";
				CLANG_ENABLE_MODULES = YES;
				CLANG_ENABLE_OBJC_ARC = YES;
				CLANG_ENABLE_OBJC_WEAK = YES;
				CLANG_WARN_BLOCK_CAPTURE_AUTORELEASING = YES;
				CLANG_WARN_BOOL_CONVERSION = YES;
				CLANG_WARN_COMMA = YES;
				CLANG_WARN_CONSTANT_CONVERSION = YES;
				CLANG_WARN_DEPRECATED_OBJC_IMPLEMENTATIONS = YES;
				CLANG_WARN_DIRECT_OBJC_ISA_USAGE = YES_ERROR;
				CLANG_WARN_DOCUMENTATION_COMMENTS = YES;
				CLANG_WARN_EMPTY_BODY = YES;
				CLANG_WARN_ENUM_CONVERSION = YES;
				CLANG_WARN_INFINITE_RECURSION = YES;
				CLANG_WARN_INT_CONVERSION = YES;
				CLANG_WARN_NON_LITERAL_NULL_CONVERSION = YES;
				CLANG_WARN_OBJC_IMPLICIT_RETAIN_SELF = YES;
				CLANG_WARN_OBJC_LITERAL_CONVERSION = YES;
				CLANG_WARN_OBJC_ROOT_CLASS = YES_ERROR;
				CLANG_WARN_QUOTED_INCLUDE_IN_FRAMEWORK_HEADER = YES;
				CLANG_WARN_RANGE_LOOP_ANALYSIS = YES;
				CLANG_WARN_STRICT_PROTOTYPES = YES;
				CLANG_WARN_SUSPICIOUS_MOVE = YES;
				CLANG_WARN_UNGUARDED_AVAILABILITY = YES_AGGRESSIVE;
				CLANG_WARN_UNREACHABLE_CODE = YES;
				CLANG_WARN__DUPLICATE_METHOD_MATCH = YES;
				COPY_PHASE_STRIP = NO;
				CURRENT_PROJECT_VERSION = 1;
				DEBUG_INFORMATION_FORMAT = "dwarf-with-dsym";
				ENABLE_NS_ASSERTIONS = NO;
				ENABLE_STRICT_OBJC_MSGSEND = YES;
				GCC_C_LANGUAGE_STANDARD = gnu11;
				GCC_NO_COMMON_BLOCKS = YES;
				GCC_WARN_64_TO_32_BIT_CONVERSION = YES;
				GCC_WARN_ABOUT_RETURN_TYPE = YES_ERROR;
				GCC_WARN_UNDECLARED_SELECTOR = YES;
				GCC_WARN_UNINITIALIZED_AUTOS = YES_AGGRESSIVE;
				GCC_WARN_UNUSED_FUNCTION = YES;
				GCC_WARN_UNUSED_VARIABLE = YES;
				IPHONEOS_DEPLOYMENT_TARGET = 13.4;
				MTL_ENABLE_DEBUG_INFO = NO;
				MTL_FAST_MATH = YES;
				SDKROOT = iphoneos;
				SWIFT_COMPILATION_MODE = wholemodule;
				SWIFT_OPTIMIZATION_LEVEL = "-O";
				VALIDATE_PRODUCT = YES;
				VERSIONING_SYSTEM = "apple-generic";
				VERSION_INFO_PREFIX = "";
			};
			name = Release;
		};
		9D2D84EE248798BB002FB4C6 /* Debug */ = {
			isa = XCBuildConfiguration;
			buildSettings = {
				CLANG_ENABLE_MODULES = YES;
				CODE_SIGN_STYLE = Automatic;
				DEFINES_MODULE = YES;
				DEVELOPMENT_TEAM = A46C2G8GT3;
				DYLIB_COMPATIBILITY_VERSION = 1;
				DYLIB_CURRENT_VERSION = 1;
				DYLIB_INSTALL_NAME_BASE = "@rpath";
				INFOPLIST_FILE = Sources/Info.plist;
				INSTALL_PATH = "$(LOCAL_LIBRARY_DIR)/Frameworks";
				LD_RUNPATH_SEARCH_PATHS = (
					"$(inherited)",
					"@executable_path/Frameworks",
					"@loader_path/Frameworks",
				);
				PRODUCT_BUNDLE_IDENTIFIER = IrelDev.TelegramColorPicker;
				PRODUCT_NAME = "$(TARGET_NAME:c99extidentifier)";
				SKIP_INSTALL = YES;
				SWIFT_OPTIMIZATION_LEVEL = "-Onone";
				SWIFT_VERSION = 5.0;
				TARGETED_DEVICE_FAMILY = "1,2";
			};
			name = Debug;
		};
		9D2D84EF248798BB002FB4C6 /* Release */ = {
			isa = XCBuildConfiguration;
			buildSettings = {
				CLANG_ENABLE_MODULES = YES;
				CODE_SIGN_STYLE = Automatic;
				DEFINES_MODULE = YES;
				DEVELOPMENT_TEAM = A46C2G8GT3;
				DYLIB_COMPATIBILITY_VERSION = 1;
				DYLIB_CURRENT_VERSION = 1;
				DYLIB_INSTALL_NAME_BASE = "@rpath";
				INFOPLIST_FILE = Sources/Info.plist;
				INSTALL_PATH = "$(LOCAL_LIBRARY_DIR)/Frameworks";
				LD_RUNPATH_SEARCH_PATHS = (
					"$(inherited)",
					"@executable_path/Frameworks",
					"@loader_path/Frameworks",
				);
				PRODUCT_BUNDLE_IDENTIFIER = IrelDev.TelegramColorPicker;
				PRODUCT_NAME = "$(TARGET_NAME:c99extidentifier)";
				SKIP_INSTALL = YES;
				SWIFT_VERSION = 5.0;
				TARGETED_DEVICE_FAMILY = "1,2";
			};
			name = Release;
		};
		9DCB2914248821970025C80A /* Debug */ = {
			isa = XCBuildConfiguration;
			buildSettings = {
				ASSETCATALOG_COMPILER_APPICON_NAME = AppIcon;
				CODE_SIGN_ENTITLEMENTS = Example/Example.entitlements;
				CODE_SIGN_STYLE = Automatic;
				DEVELOPMENT_TEAM = A46C2G8GT3;
				INFOPLIST_FILE = Example/Info.plist;
				LD_RUNPATH_SEARCH_PATHS = (
					"$(inherited)",
					"@executable_path/Frameworks",
				);
				PRODUCT_BUNDLE_IDENTIFIER = IrelDev.Example;
				PRODUCT_NAME = "$(TARGET_NAME)";
				SUPPORTS_MACCATALYST = YES;
				SWIFT_VERSION = 5.0;
				TARGETED_DEVICE_FAMILY = "1,2";
			};
			name = Debug;
		};
		9DCB2915248821970025C80A /* Release */ = {
			isa = XCBuildConfiguration;
			buildSettings = {
				ASSETCATALOG_COMPILER_APPICON_NAME = AppIcon;
				CODE_SIGN_ENTITLEMENTS = Example/Example.entitlements;
				CODE_SIGN_STYLE = Automatic;
				DEVELOPMENT_TEAM = A46C2G8GT3;
				INFOPLIST_FILE = Example/Info.plist;
				LD_RUNPATH_SEARCH_PATHS = (
					"$(inherited)",
					"@executable_path/Frameworks",
				);
				PRODUCT_BUNDLE_IDENTIFIER = IrelDev.Example;
				PRODUCT_NAME = "$(TARGET_NAME)";
				SUPPORTS_MACCATALYST = YES;
				SWIFT_VERSION = 5.0;
				TARGETED_DEVICE_FAMILY = "1,2";
			};
			name = Release;
		};
		C2EFE45424E019F9008607EA /* Debug */ = {
			isa = XCBuildConfiguration;
			buildSettings = {
				CODE_SIGN_STYLE = Automatic;
				DEVELOPMENT_TEAM = A46C2G8GT3;
				INFOPLIST_FILE = Tests/Info.plist;
				IPHONEOS_DEPLOYMENT_TARGET = 14.0;
				LD_RUNPATH_SEARCH_PATHS = (
					"$(inherited)",
					"@executable_path/Frameworks",
					"@loader_path/Frameworks",
				);
				PRODUCT_BUNDLE_IDENTIFIER = ireldev.Tests;
				PRODUCT_NAME = "$(TARGET_NAME)";
				SWIFT_VERSION = 5.0;
				TARGETED_DEVICE_FAMILY = "1,2";
				TEST_HOST = "$(BUILT_PRODUCTS_DIR)/Example.app/Example";
			};
			name = Debug;
		};
		C2EFE45524E019F9008607EA /* Release */ = {
			isa = XCBuildConfiguration;
			buildSettings = {
				CODE_SIGN_STYLE = Automatic;
				DEVELOPMENT_TEAM = A46C2G8GT3;
				INFOPLIST_FILE = Tests/Info.plist;
				IPHONEOS_DEPLOYMENT_TARGET = 14.0;
				LD_RUNPATH_SEARCH_PATHS = (
					"$(inherited)",
					"@executable_path/Frameworks",
					"@loader_path/Frameworks",
				);
				PRODUCT_BUNDLE_IDENTIFIER = ireldev.Tests;
				PRODUCT_NAME = "$(TARGET_NAME)";
				SWIFT_VERSION = 5.0;
				TARGETED_DEVICE_FAMILY = "1,2";
				TEST_HOST = "$(BUILT_PRODUCTS_DIR)/Example.app/Example";
			};
			name = Release;
		};
/* End XCBuildConfiguration section */

/* Begin XCConfigurationList section */
		9D2D84DF248798BB002FB4C6 /* Build configuration list for PBXProject "TelegramColorPicker" */ = {
			isa = XCConfigurationList;
			buildConfigurations = (
				9D2D84EB248798BB002FB4C6 /* Debug */,
				9D2D84EC248798BB002FB4C6 /* Release */,
			);
			defaultConfigurationIsVisible = 0;
			defaultConfigurationName = Release;
		};
		9D2D84ED248798BB002FB4C6 /* Build configuration list for PBXNativeTarget "TelegramColorPicker" */ = {
			isa = XCConfigurationList;
			buildConfigurations = (
				9D2D84EE248798BB002FB4C6 /* Debug */,
				9D2D84EF248798BB002FB4C6 /* Release */,
			);
			defaultConfigurationIsVisible = 0;
			defaultConfigurationName = Release;
		};
		9DCB2916248821970025C80A /* Build configuration list for PBXNativeTarget "Example" */ = {
			isa = XCConfigurationList;
			buildConfigurations = (
				9DCB2914248821970025C80A /* Debug */,
				9DCB2915248821970025C80A /* Release */,
			);
			defaultConfigurationIsVisible = 0;
			defaultConfigurationName = Release;
		};
		C2EFE45324E019F9008607EA /* Build configuration list for PBXNativeTarget "Tests" */ = {
			isa = XCConfigurationList;
			buildConfigurations = (
				C2EFE45424E019F9008607EA /* Debug */,
				C2EFE45524E019F9008607EA /* Release */,
			);
			defaultConfigurationIsVisible = 0;
			defaultConfigurationName = Release;
		};
/* End XCConfigurationList section */
	};
	rootObject = 9D2D84DC248798BB002FB4C6 /* Project object */;
}
